{
  "name": "web-render-libprocessing-comparison",
  "lockfileVersion": 3,
  "requires": true,
  "packages": {
    "": {
      "name": "web-render-libprocessing-comparison",
      "dependencies": {
        "web-render": "file:../../packages/vi5"
      }
    },
    "../../packages/vi5": {
      "name": "web-render",
      "version": "0.0.0",
      "dependencies": {
        "@bufbuild/protobuf": "^2.10.2",
        "@datastructures-js/priority-queue": "^6.3.5",
        "@logtape/logtape": "^2.0.0",
        "fast-base64": "^0.1.8",
        "jiti": "^2.6.1",
        "p5": "^2.2.1",
        "picomatch": "^4.0.3",
        "vite": "^7.3.1",
        "yargs": "^18.0.0"
      },
      "bin": {
        "web-render": "dist/cli.mjs"
      },
      "devDependencies": {
        "@types/node": "^24.19.1",
        "@types/picomatch": "^4.0.2",
        "@types/yargs": "^17.0.35",
        "publint": "^0.3.16",
        "tsdown": "^0.20.0",
        "typescript": "~5.9.3",
        "unplugin-raw": "^0.6.4"
      },
      "peerDependencies": {
        "typescript": "^5"
      }
    },
    "node_modules/web-render": {
      "resolved": "../../packages/vi5",
      "link": true
    }
  }
}
